
Microsoft Visual Studio Solution File, Format Version 12.00
# Visual Studio Version 17
VisualStudioVersion = 17.14.37314.3 d17.14
MinimumVisualStudioVersion = 10.0.40219.1
Project("{FAE04EC0-301F-11D3-BF4B-00C04F79EFBC}") = "ToDoApp", "ToDoApp\ToDoApp.csproj", "{9737D872-FFE3-46DA-BAC4-1A81D3167F74}"
EndProject
Project("{FAE04EC0-301F-11D3-BF4B-00C04F79EFBC}") = "ToDoApp.TestApi", "ToDoApp.TestApi\ToDoApp.TestApi.csproj", "{88181D42-8EEC-CBBA-B7C1-4059DF20528A}"
EndProject
Global
	GlobalSection(SolutionConfigurationPlatforms) = preSolution
		Debug|Any CPU = Debug|Any CPU
		Release|Any CPU = Release|Any CPU
	EndGlobalSection
	GlobalSection(ProjectConfigurationPlatforms) = postSolution
		{9737D872-FFE3-46DA-BAC4-1A81D3167F74}.Debug|Any CPU.ActiveCfg = Debug|Any CPU
		{9737D872-FFE3-46DA-BAC4-1A81D3167F74}.Debug|Any CPU.Build.0 = Debug|Any CPU
		{9737D872-FFE3-46DA-BAC4-1A81D3167F74}.Release|Any CPU.ActiveCfg = Release|Any CPU
		{9737D872-FFE3-46DA-BAC4-1A81D3167F74}.Release|Any CPU.Build.0 = Release|Any CPU
		{88181D42-8EEC-CBBA-B7C1-4059DF20528A}.Debug|Any CPU.ActiveCfg = Debug|Any CPU
		{88181D42-8EEC-CBBA-B7C1-4059DF20528A}.Debug|Any CPU.Build.0 = Debug|Any CPU
		{88181D42-8EEC-CBBA-B7C1-4059DF20528A}.Release|Any CPU.ActiveCfg = Release|Any CPU
		{88181D42-8EEC-CBBA-B7C1-4059DF20528A}.Release|Any CPU.Build.0 = Release|Any CPU
	EndGlobalSection
	GlobalSection(SolutionProperties) = preSolution
		HideSolutionNode = FALSE
	EndGlobalSection
	GlobalSection(ExtensibilityGlobals) = postSolution
		SolutionGuid = {84424E33-8C4C-4564-88BC-998454BFF024}
	EndGlobalSection
EndGlobal
